
Microsoft Visual Studio Solution File, Format Version 12.00
# Visual Studio 2012
Project("{FAE04EC0-301F-11D3-BF4B-00C04F79EFBC}") = "AjaxPlugin", "AjaxPlugin\AjaxPlugin.csproj", "{80C1C9B9-28FE-45C4-AD47-C7BBBF10784E}"
EndProject
Project("{FAE04EC0-301F-11D3-BF4B-00C04F79EFBC}") = "AjaxPlugin.Tests", "AjaxPlugin.Tests\AjaxPlugin.Tests.csproj", "{220DEBA6-E2D1-40BF-8B6E-FB6F07F130D4}"
EndProject
Global
	GlobalSection(SolutionConfigurationPlatforms) = preSolution
		Debug|Any CPU = Debug|Any CPU
		Release|Any CPU = Release|Any CPU
	EndGlobalSection
	GlobalSection(ProjectConfigurationPlatforms) = postSolution
		{80C1C9B9-28FE-45C4-AD47-C7BBBF10784E}.Debug|Any CPU.ActiveCfg = Debug|Any CPU
		{80C1C9B9-28FE-45C4-AD47-C7BBBF10784E}.Debug|Any CPU.Build.0 = Debug|Any CPU
		{80C1C9B9-28FE-45C4-AD47-C7BBBF10784E}.Release|Any CPU.ActiveCfg = Release|Any CPU
		{80C1C9B9-28FE-45C4-AD47-C7BBBF10784E}.Release|Any CPU.Build.0 = Release|Any CPU
		{220DEBA6-E2D1-40BF-8B6E-FB6F07F130D4}.Debug|Any CPU.ActiveCfg = Debug|Any CPU
		{220DEBA6-E2D1-40BF-8B6E-FB6F07F130D4}.Debug|Any CPU.Build.0 = Debug|Any CPU
		{220DEBA6-E2D1-40BF-8B6E-FB6F07F130D4}.Release|Any CPU.ActiveCfg = Release|Any CPU
		{220DEBA6-E2D1-40BF-8B6E-FB6F07F130D4}.Release|Any CPU.Build.0 = Release|Any CPU
	EndGlobalSection
	GlobalSection(SolutionProperties) = preSolution
		HideSolutionNode = FALSE
	EndGlobalSection
EndGlobal
